// !$*UTF8*$!
{
	archiveVersion = 1;
	classes = {
	};
	objectVersion = 56;
	objects = {

/* Begin PBXBuildFile section */
		4C3DDA78697BC393E5779D5F /* Pods_btc_app.framework in Frameworks */ = {isa = PBXBuildFile; fileRef = C61856DA81375328D0FB782D /* Pods_btc_app.framework */; };
		82CC98AC2A4D022A00B2F30D /* AppDelegate.swift in Sources */ = {isa = PBXBuildFile; fileRef = 82CC98AB2A4D022A00B2F30D /* AppDelegate.swift */; };
		82CC98AE2A4D022A00B2F30D /* SceneDelegate.swift in Sources */ = {isa = PBXBuildFile; fileRef = 82CC98AD2A4D022A00B2F30D /* SceneDelegate.swift */; };
		82CC98B02A4D022A00B2F30D /* ViewController.swift in Sources */ = {isa = PBXBuildFile; fileRef = 82CC98AF2A4D022A00B2F30D /* ViewController.swift */; };
		82CC98B32A4D022A00B2F30D /* Main.storyboard in Resources */ = {isa = PBXBuildFile; fileRef = 82CC98B12A4D022A00B2F30D /* Main.storyboard */; };
		82CC98B52A4D022E00B2F30D /* Assets.xcassets in Resources */ = {isa = PBXBuildFile; fileRef = 82CC98B42A4D022E00B2F30D /* Assets.xcassets */; };
		82CC98B82A4D022E00B2F30D /* LaunchScreen.storyboard in Resources */ = {isa = PBXBuildFile; fileRef = 82CC98B62A4D022E00B2F30D /* LaunchScreen.storyboard */; };
/* End PBXBuildFile section */

/* Begin PBXFileReference section */
		142BF658F0EB991C6489630C /* Pods-btc-app.debug.xcconfig */ = {isa = PBXFileReference; includeInIndex = 1; lastKnownFileType = text.xcconfig; name = "Pods-btc-app.debug.xcconfig"; path = "Target Support Files/Pods-btc-app/Pods-btc-app.debug.xcconfig"; sourceTree = "<group>"; };
		82CC98A82A4D022A00B2F30D /* btc-app.app */ = {isa = PBXFileReference; explicitFileType = wrapper.application; includeInIndex = 0; path = "btc-app.app"; sourceTree = BUILT_PRODUCTS_DIR; };
		82CC98AB2A4D022A00B2F30D /* AppDelegate.swift */ = {isa = PBXFileReference; lastKnownFileType = sourcecode.swift; path = AppDelegate.swift; sourceTree = "<group>"; };
		82CC98AD2A4D022A00B2F30D /* SceneDelegate.swift */ = {isa = PBXFileReference; lastKnownFileType = sourcecode.swift; path = SceneDelegate.swift; sourceTree = "<group>"; };
		82CC98AF2A4D022A00B2F30D /* ViewController.swift */ = {isa = PBXFileReference; lastKnownFileType = sourcecode.swift; path = ViewController.swift; sourceTree = "<group>"; };
		82CC98B22A4D022A00B2F30D /* Base */ = {isa = PBXFileReference; lastKnownFileType = file.storyboard; name = Base; path = Base.lproj/Main.storyboard; sourceTree = "<group>"; };
		82CC98B42A4D022E00B2F30D /* Assets.xcassets */ = {isa = PBXFileReference; lastKnownFileType = folder.assetcatalog; path = Assets.xcassets; sourceTree = "<group>"; };
		82CC98B72A4D022E00B2F30D /* Base */ = {isa = PBXFileReference; lastKnownFileType = file.storyboard; name = Base; path = Base.lproj/LaunchScreen.storyboard; sourceTree = "<group>"; };
		82CC98B92A4D022E00B2F30D /* Info.plist */ = {isa = PBXFileReference; lastKnownFileType = text.plist.xml; path = Info.plist; sourceTree = "<group>"; };
		C61856DA81375328D0FB782D /* Pods_btc_app.framework */ = {isa = PBXFileReference; explicitFileType = wrapper.framework; includeInIndex = 0; path = Pods_btc_app.framework; sourceTree = BUILT_PRODUCTS_DIR; };
		D1BD13B8480BBBEFA14D2235 /* Pods-btc-app.release.xcconfig */ = {isa = PBXFileReference; includeInIndex = 1; lastKnownFileType = text.xcconfig; name = "Pods-btc-app.release.xcconfig"; path = "Target Support Files/Pods-btc-app/Pods-btc-app.release.xcconfig"; sourceTree = "<group>"; };
/* End PBXFileReference section */

/* Begin PBXFrameworksBuildPhase section */
		82CC98A52A4D022A00B2F30D /* Frameworks */ = {
			isa = PBXFrameworksBuildPhase;
			buildActionMask = 2147483647;
			files = (
				4C3DDA78697BC393E5779D5F /* Pods_btc_app.framework in Frameworks */,
			);
			runOnlyForDeploymentPostprocessing = 0;
		};
/* End PBXFrameworksBuildPhase section */

/* Begin PBXGroup section */
		27AE6887A56ECC584B2F7CE0 /* Frameworks */ = {
			isa = PBXGroup;
			children = (
				C61856DA81375328D0FB782D /* Pods_btc_app.framework */,
			);
			name = Frameworks;
			sourceTree = "<group>";
		};
		82CC989F2A4D022A00B2F30D = {
			isa = PBXGroup;
			children = (
				82CC98AA2A4D022A00B2F30D /* btc-app */,
				82CC98A92A4D022A00B2F30D /* Products */,
				8A19A7672272F633ACA4F311 /* Pods */,
				27AE6887A56ECC584B2F7CE0 /* Frameworks */,
			);
			sourceTree = "<group>";
		};
		82CC98A92A4D022A00B2F30D /* Products */ = {
			isa = PBXGroup;
			children = (
				82CC98A82A4D022A00B2F30D /* btc-app.app */,
			);
			name = Products;
			sourceTree = "<group>";
		};
		82CC98AA2A4D022A00B2F30D /* btc-app */ = {
			isa = PBXGroup;
			children = (
				82CC98AB2A4D022A00B2F30D /* AppDelegate.swift */,
				82CC98AD2A4D022A00B2F30D /* SceneDelegate.swift */,
				82CC98AF2A4D022A00B2F30D /* ViewController.swift */,
				82CC98B12A4D022A00B2F30D /* Main.storyboard */,
				82CC98B42A4D022E00B2F30D /* Assets.xcassets */,
				82CC98B62A4D022E00B2F30D /* LaunchScreen.storyboard */,
				82CC98B92A4D022E00B2F30D /* Info.plist */,
			);
			path = "btc-app";
			sourceTree = "<group>";
		};
		8A19A7672272F633ACA4F311 /* Pods */ = {
			isa = PBXGroup;
			children = (
				142BF658F0EB991C6489630C /* Pods-btc-app.debug.xcconfig */,
				D1BD13B8480BBBEFA14D2235 /* Pods-btc-app.release.xcconfig */,
			);
			name = Pods;
			path = Pods;
			sourceTree = "<group>";
		};
/* End PBXGroup section */

/* Begin PBXNativeTarget section */
		82CC98A72A4D022A00B2F30D /* btc-app */ = {
			isa = PBXNativeTarget;
			buildConfigurationList = 82CC98BC2A4D022E00B2F30D /* Build configuration list for PBXNativeTarget "btc-app" */;
			buildPhases = (
				7B55FF54D8211218D5205B55 /* [CP] Check Pods Manifest.lock */,
				82CC98A42A4D022A00B2F30D /* Sources */,
				82CC98A52A4D022A00B2F30D /* Frameworks */,
				82CC98A62A4D022A00B2F30D /* Resources */,
				707D462664F80C7C38C76EB0 /* [CP] Embed Pods Frameworks */,
			);
			buildRules = (
			);
			dependencies = (
			);
			name = "btc-app";
			productName = "btc-app";
			productReference = 82CC98A82A4D022A00B2F30D /* btc-app.app */;
			productType = "com.apple.product-type.application";
		};
/* End PBXNativeTarget section */

/* Begin PBXProject section */
		82CC98A02A4D022A00B2F30D /* Project object */ = {
			isa = PBXProject;
			attributes = {
				BuildIndependentTargetsInParallel = 1;
				LastSwiftUpdateCheck = 1430;
				LastUpgradeCheck = 1430;
				TargetAttributes = {
					82CC98A72A4D022A00B2F30D = {
						CreatedOnToolsVersion = 14.3.1;
					};
				};
			};
			buildConfigurationList = 82CC98A32A4D022A00B2F30D /* Build configuration list for PBXProject "btc-app" */;
			compatibilityVersion = "Xcode 14.0";
			developmentRegion = en;
			hasScannedForEncodings = 0;
			knownRegions = (
				en,
				Base,
			);
			mainGroup = 82CC989F2A4D022A00B2F30D;
			productRefGroup = 82CC98A92A4D022A00B2F30D /* Products */;
			projectDirPath = "";
			projectRoot = "";
			targets = (
				82CC98A72A4D022A00B2F30D /* btc-app */,
			);
		};
/* End PBXProject section */

/* Begin PBXResourcesBuildPhase section */
		82CC98A62A4D022A00B2F30D /* Resources */ = {
			isa = PBXResourcesBuildPhase;
			buildActionMask = 2147483647;
			files = (
				82CC98B82A4D022E00B2F30D /* LaunchScreen.storyboard in Resources */,
				82CC98B52A4D022E00B2F30D /* Assets.xcassets in Resources */,
				82CC98B32A4D022A00B2F30D /* Main.storyboard in Resources */,
			);
			runOnlyForDeploymentPostprocessing = 0;
		};
/* End PBXResourcesBuildPhase section */

/* Begin PBXShellScriptBuildPhase section */
		707D462664F80C7C38C76EB0 /* [CP] Embed Pods Frameworks */ = {
			isa = PBXShellScriptBuildPhase;
			buildActionMask = 2147483647;
			files = (
			);
			inputFileListPaths = (
				"${PODS_ROOT}/Target Support Files/Pods-btc-app/Pods-btc-app-frameworks-${CONFIGURATION}-input-files.xcfilelist",
			);
			name = "[CP] Embed Pods Frameworks";
			outputFileListPaths = (
				"${PODS_ROOT}/Target Support Files/Pods-btc-app/Pods-btc-app-frameworks-${CONFIGURATION}-output-files.xcfilelist",
			);
			runOnlyForDeploymentPostprocessing = 0;
			shellPath = /bin/sh;
			shellScript = "\"${PODS_ROOT}/Target Support Files/Pods-btc-app/Pods-btc-app-frameworks.sh\"\n";
			showEnvVarsInLog = 0;
		};
		7B55FF54D8211218D5205B55 /* [CP] Check Pods Manifest.lock */ = {
			isa = PBXShellScriptBuildPhase;
			buildActionMask = 2147483647;
			files = (
			);
			inputFileListPaths = (
			);
			inputPaths = (
				"${PODS_PODFILE_DIR_PATH}/Podfile.lock",
				"${PODS_ROOT}/Manifest.lock",
			);
			name = "[CP] Check Pods Manifest.lock";
			outputFileListPaths = (
			);
			outputPaths = (
				"$(DERIVED_FILE_DIR)/Pods-btc-app-checkManifestLockResult.txt",
			);
			runOnlyForDeploymentPostprocessing = 0;
			shellPath = /bin/sh;
			shellScript = "diff \"${PODS_PODFILE_DIR_PATH}/Podfile.lock\" \"${PODS_ROOT}/Manifest.lock\" > /dev/null\nif [ $? != 0 ] ; then\n    # print error to STDERR\n    echo \"error: The sandbox is not in sync with the Podfile.lock. Run 'pod install' or update your CocoaPods installation.\" >&2\n    exit 1\nfi\n# This output is used by Xcode 'outputs' to avoid re-running this script phase.\necho \"SUCCESS\" > \"${SCRIPT_OUTPUT_FILE_0}\"\n";
			showEnvVarsInLog = 0;
		};
/* End PBXShellScriptBuildPhase section */

/* Begin PBXSourcesBuildPhase section */
		82CC98A42A4D022A00B2F30D /* Sources */ = {
			isa = PBXSourcesBuildPhase;
			buildActionMask = 2147483647;
			files = (
				82CC98B02A4D022A00B2F30D /* ViewController.swift in Sources */,
				82CC98AC2A4D022A00B2F30D /* AppDelegate.swift in Sources */,
				82CC98AE2A4D022A00B2F30D /* SceneDelegate.swift in Sources */,
			);
			runOnlyForDeploymentPostprocessing = 0;
		};
/* End PBXSourcesBuildPhase section */

/* Begin PBXVariantGroup section */
		82CC98B12A4D022A00B2F30D /* Main.storyboard */ = {
			isa = PBXVariantGroup;
			children = (
				82CC98B22A4D022A00B2F30D /* Base */,
			);
			name = Main.storyboard;
			sourceTree = "<group>";
		};
		82CC98B62A4D022E00B2F30D /* LaunchScreen.storyboard */ = {
			isa = PBXVariantGroup;
			children = (
				82CC98B72A4D022E00B2F30D /* Base */,
			);
			name = LaunchScreen.storyboard;
			sourceTree = "<group>";
		};
/* End PBXVariantGroup section */

/* Begin XCBuildConfiguration section */
		82CC98BA2A4D022E00B2F30D /* Debug */ = {
			isa = XCBuildConfiguration;
			buildSettings = {
				ALWAYS_SEARCH_USER_PATHS = NO;
				CLANG_ANALYZER_NONNULL = YES;
				CLANG_ANALYZER_NUMBER_OBJECT_CONVERSION = YES_AGGRESSIVE;
				CLANG_CXX_LANGUAGE_STANDARD = "gnu++20";
				CLANG_ENABLE_MODULES = YES;
				CLANG_ENABLE_OBJC_ARC = YES;
				CLANG_ENABLE_OBJC_WEAK = YES;
				CLANG_WARN_BLOCK_CAPTURE_AUTORELEASING = YES;
				CLANG_WARN_BOOL_CONVERSION = YES;
				CLANG_WARN_COMMA = YES;
				CLANG_WARN_CONSTANT_CONVERSION = YES;
				CLANG_WARN_DEPRECATED_OBJC_IMPLEMENTATIONS = YES;
				CLANG_WARN_DIRECT_OBJC_ISA_USAGE = YES_ERROR;
				CLANG_WARN_DOCUMENTATION_COMMENTS = YES;
				CLANG_WARN_EMPTY_BODY = YES;
				CLANG_WARN_ENUM_CONVERSION = YES;
				CLANG_WARN_INFINITE_RECURSION = YES;
				CLANG_WARN_INT_CONVERSION = YES;
				CLANG_WARN_NON_LITERAL_NULL_CONVERSION = YES;
				CLANG_WARN_OBJC_IMPLICIT_RETAIN_SELF = YES;
				CLANG_WARN_OBJC_LITERAL_CONVERSION = YES;
				CLANG_WARN_OBJC_ROOT_CLASS = YES_ERROR;
				CLANG_WARN_QUOTED_INCLUDE_IN_FRAMEWORK_HEADER = YES;
				CLANG_WARN_RANGE_LOOP_ANALYSIS = YES;
				CLANG_WARN_STRICT_PROTOTYPES = YES;
				CLANG_WARN_SUSPICIOUS_MOVE = YES;
				CLANG_WARN_UNGUARDED_AVAILABILITY = YES_AGGRESSIVE;
				CLANG_WARN_UNREACHABLE_CODE = YES;
				CLANG_WARN__DUPLICATE_METHOD_MATCH = YES;
				COPY_PHASE_STRIP = NO;
				DEBUG_INFORMATION_FORMAT = dwarf;
				ENABLE_STRICT_OBJC_MSGSEND = YES;
				ENABLE_TESTABILITY = YES;
				GCC_C_LANGUAGE_STANDARD = gnu11;
				GCC_DYNAMIC_NO_PIC = NO;
				GCC_NO_COMMON_BLOCKS = YES;
				GCC_OPTIMIZATION_LEVEL = 0;
				GCC_PREPROCESSOR_DEFINITIONS = (
					"DEBUG=1",
					"$(inherited)",
				);
				GCC_WARN_64_TO_32_BIT_CONVERSION = YES;
				GCC_WARN_ABOUT_RETURN_TYPE = YES_ERROR;
				GCC_WARN_UNDECLARED_SELECTOR = YES;
				GCC_WARN_UNINITIALIZED_AUTOS = YES_AGGRESSIVE;
				GCC_WARN_UNUSED_FUNCTION = YES;
				GCC_WARN_UNUSED_VARIABLE = YES;
				IPHONEOS_DEPLOYMENT_TARGET = 16.4;
				MTL_ENABLE_DEBUG_INFO = INCLUDE_SOURCE;
				MTL_FAST_MATH = YES;
				ONLY_ACTIVE_ARCH = YES;
				SDKROOT = iphoneos;
				SWIFT_ACTIVE_COMPILATION_CONDITIONS = DEBUG;
				SWIFT_OPTIMIZATION_LEVEL = "-Onone";
			};
			name = Debug;
		};
		82CC98BB2A4D022E00B2F30D /* Release */ = {
			isa = XCBuildConfiguration;
			buildSettings = {
				ALWAYS_SEARCH_USER_PATHS = NO;
				CLANG_ANALYZER_NONNULL = YES;
				CLANG_ANALYZER_NUMBER_OBJECT_CONVERSION = YES_AGGRESSIVE;
				CLANG_CXX_LANGUAGE_STANDARD = "gnu++20";
				CLANG_ENABLE_MODULES = YES;
				CLANG_ENABLE_OBJC_ARC = YES;
				CLANG_ENABLE_OBJC_WEAK = YES;
				CLANG_WARN_BLOCK_CAPTURE_AUTORELEASING = YES;
				CLANG_WARN_BOOL_CONVERSION = YES;
				CLANG_WARN_COMMA = YES;
				CLANG_WARN_CONSTANT_CONVERSION = YES;
				CLANG_WARN_DEPRECATED_OBJC_IMPLEMENTATIONS = YES;
				CLANG_WARN_DIRECT_OBJC_ISA_USAGE = YES_ERROR;
				CLANG_WARN_DOCUMENTATION_COMMENTS = YES;
				CLANG_WARN_EMPTY_BODY = YES;
				CLANG_WARN_ENUM_CONVERSION = YES;
				CLANG_WARN_INFINITE_RECURSION = YES;
				CLANG_WARN_INT_CONVERSION = YES;
				CLANG_WARN_NON_LITERAL_NULL_CONVERSION = YES;
				CLANG_WARN_OBJC_IMPLICIT_RETAIN_SELF = YES;
				CLANG_WARN_OBJC_LITERAL_CONVERSION = YES;
				CLANG_WARN_OBJC_ROOT_CLASS = YES_ERROR;
				CLANG_WARN_QUOTED_INCLUDE_IN_FRAMEWORK_HEADER = YES;
				CLANG_WARN_RANGE_LOOP_ANALYSIS = YES;
				CLANG_WARN_STRICT_PROTOTYPES = YES;
				CLANG_WARN_SUSPICIOUS_MOVE = YES;
				CLANG_WARN_UNGUARDED_AVAILABILITY = YES_AGGRESSIVE;
				CLANG_WARN_UNREACHABLE_CODE = YES;
				CLANG_WARN__DUPLICATE_METHOD_MATCH = YES;
				COPY_PHASE_STRIP = NO;
				DEBUG_INFORMATION_FORMAT = "dwarf-with-dsym";
				ENABLE_NS_ASSERTIONS = NO;
				ENABLE_STRICT_OBJC_MSGSEND = YES;
				GCC_C_LANGUAGE_STANDARD = gnu11;
				GCC_NO_COMMON_BLOCKS = YES;
				GCC_WARN_64_TO_32_BIT_CONVERSION = YES;
				GCC_WARN_ABOUT_RETURN_TYPE = YES_ERROR;
				GCC_WARN_UNDECLARED_SELECTOR = YES;
				GCC_WARN_UNINITIALIZED_AUTOS = YES_AGGRESSIVE;
				GCC_WARN_UNUSED_FUNCTION = YES;
				GCC_WARN_UNUSED_VARIABLE = YES;
				IPHONEOS_DEPLOYMENT_TARGET = 16.4;
				MTL_ENABLE_DEBUG_INFO = NO;
				MTL_FAST_MATH = YES;
				SDKROOT = iphoneos;
				SWIFT_COMPILATION_MODE = wholemodule;
				SWIFT_OPTIMIZATION_LEVEL = "-O";
				VALIDATE_PRODUCT = YES;
			};
			name = Release;
		};
		82CC98BD2A4D022E00B2F30D /* Debug */ = {
			isa = XCBuildConfiguration;
			baseConfigurationReference = 142BF658F0EB991C6489630C /* Pods-btc-app.debug.xcconfig */;
			buildSettings = {
				ASSETCATALOG_COMPILER_APPICON_NAME = AppIcon;
				ASSETCATALOG_COMPILER_GLOBAL_ACCENT_COLOR_NAME = AccentColor;
				CODE_SIGN_STYLE = Automatic;
				CURRENT_PROJECT_VERSION = 1;
				DEVELOPMENT_TEAM = G54RD6NHV3;
				GENERATE_INFOPLIST_FILE = YES;
				INFOPLIST_FILE = "btc-app/Info.plist";
				INFOPLIST_KEY_UIApplicationSupportsIndirectInputEvents = YES;
				INFOPLIST_KEY_UILaunchStoryboardName = LaunchScreen;
				INFOPLIST_KEY_UIMainStoryboardFile = Main;
				INFOPLIST_KEY_UISupportedInterfaceOrientations_iPad = "UIInterfaceOrientationPortrait UIInterfaceOrientationPortraitUpsideDown UIInterfaceOrientationLandscapeLeft UIInterfaceOrientationLandscapeRight";
				INFOPLIST_KEY_UISupportedInterfaceOrientations_iPhone = "UIInterfaceOrientationPortrait UIInterfaceOrientationLandscapeLeft UIInterfaceOrientationLandscapeRight";
				LD_RUNPATH_SEARCH_PATHS = (
					"$(inherited)",
					"@executable_path/Frameworks",
				);
				MARKETING_VERSION = 1.0;
				PRODUCT_BUNDLE_IDENTIFIER = "com.btc-app";
				PRODUCT_NAME = "$(TARGET_NAME)";
				SWIFT_EMIT_LOC_STRINGS = YES;
				SWIFT_VERSION = 5.0;
				TARGETED_DEVICE_FAMILY = "1,2";
			};
			name = Debug;
		};
		82CC98BE2A4D022E00B2F30D /* Release */ = {
			isa = XCBuildConfiguration;
			baseConfigurationReference = D1BD13B8480BBBEFA14D2235 /* Pods-btc-app.release.xcconfig */;
			buildSettings = {
				ASSETCATALOG_COMPILER_APPICON_NAME = AppIcon;
				ASSETCATALOG_COMPILER_GLOBAL_ACCENT_COLOR_NAME = AccentColor;
				CODE_SIGN_STYLE = Automatic;
				CURRENT_PROJECT_VERSION = 1;
				DEVELOPMENT_TEAM = G54RD6NHV3;
				GENERATE_INFOPLIST_FILE = YES;
				INFOPLIST_FILE = "btc-app/Info.plist";
				INFOPLIST_KEY_UIApplicationSupportsIndirectInputEvents = YES;
				INFOPLIST_KEY_UILaunchStoryboardName = LaunchScreen;
				INFOPLIST_KEY_UIMainStoryboardFile = Main;
				INFOPLIST_KEY_UISupportedInterfaceOrientations_iPad = "UIInterfaceOrientationPortrait UIInterfaceOrientationPortraitUpsideDown UIInterfaceOrientationLandscapeLeft UIInterfaceOrientationLandscapeRight";
				INFOPLIST_KEY_UISupportedInterfaceOrientations_iPhone = "UIInterfaceOrientationPortrait UIInterfaceOrientationLandscapeLeft UIInterfaceOrientationLandscapeRight";
				LD_RUNPATH_SEARCH_PATHS = (
					"$(inherited)",
					"@executable_path/Frameworks",
				);
				MARKETING_VERSION = 1.0;
				PRODUCT_BUNDLE_IDENTIFIER = "com.btc-app";
				PRODUCT_NAME = "$(TARGET_NAME)";
				SWIFT_EMIT_LOC_STRINGS = YES;
				SWIFT_VERSION = 5.0;
				TARGETED_DEVICE_FAMILY = "1,2";
			};
			name = Release;
		};
/* End XCBuildConfiguration section */

/* Begin XCConfigurationList section */
		82CC98A32A4D022A00B2F30D /* Build configuration list for PBXProject "btc-app" */ = {
			isa = XCConfigurationList;
			buildConfigurations = (
				82CC98BA2A4D022E00B2F30D /* Debug */,
				82CC98BB2A4D022E00B2F30D /* Release */,
			);
			defaultConfigurationIsVisible = 0;
			defaultConfigurationName = Release;
		};
		82CC98BC2A4D022E00B2F30D /* Build configuration list for PBXNativeTarget "btc-app" */ = {
			isa = XCConfigurationList;
			buildConfigurations = (
				82CC98BD2A4D022E00B2F30D /* Debug */,
				82CC98BE2A4D022E00B2F30D /* Release */,
			);
			defaultConfigurationIsVisible = 0;
			defaultConfigurationName = Release;
		};
/* End XCConfigurationList section */
	};
	rootObject = 82CC98A02A4D022A00B2F30D /* Project object */;
}
